<Solution>
  <Folder Name="/src/">
    <Project Path="src/GradeFlow.Api/GradeFlow.Api.csproj" />
    <Project Path="src/GradeFlow.Application/GradeFlow.Application.csproj" />
    <Project Path="src/GradeFlow.Domain/GradeFlow.Domain.csproj" />
    <Project Path="src/GradeFlow.Infrastructure/GradeFlow.Infrastructure.csproj" />
  </Folder>
  <Folder Name="/tests/">
    <Project Path="tests/GradeFlow.Tests/GradeFlow.Tests.csproj" />
  </Folder>
</Solution>
